
Microsoft Visual Studio Solution File, Format Version 12.00
# Visual Studio Version 16
VisualStudioVersion = 16.0.29709.97
MinimumVisualStudioVersion = 10.0.40219.1
Project("{FAE04EC0-301F-11D3-BF4B-00C04F79EFBC}") = "Repro01ODataWebApiIssue1979", "Repro01ODataWebApiIssue1979\Repro01ODataWebApiIssue1979.csproj", "{3C336DCA-E7E7-4B37-9840-BFF49957D073}"
EndProject
Global
	GlobalSection(SolutionConfigurationPlatforms) = preSolution
		Debug|Any CPU = Debug|Any CPU
		Release|Any CPU = Release|Any CPU
	EndGlobalSection
	GlobalSection(ProjectConfigurationPlatforms) = postSolution
		{3C336DCA-E7E7-4B37-9840-BFF49957D073}.Debug|Any CPU.ActiveCfg = Debug|Any CPU
		{3C336DCA-E7E7-4B37-9840-BFF49957D073}.Debug|Any CPU.Build.0 = Debug|Any CPU
		{3C336DCA-E7E7-4B37-9840-BFF49957D073}.Release|Any CPU.ActiveCfg = Release|Any CPU
		{3C336DCA-E7E7-4B37-9840-BFF49957D073}.Release|Any CPU.Build.0 = Release|Any CPU
	EndGlobalSection
	GlobalSection(SolutionProperties) = preSolution
		HideSolutionNode = FALSE
	EndGlobalSection
	GlobalSection(ExtensibilityGlobals) = postSolution
		SolutionGuid = {D48429BC-68FB-4683-83C4-3C1A72DF1353}
	EndGlobalSection
EndGlobal
